// !$*UTF8*$!
{
	archiveVersion = 1;
	classes = {
	};
	objectVersion = 56;
	objects = {

/* Begin PBXBuildFile section */
		0409783A29E3CC9F0042009B /* UPWebViewController.swift in Sources */ = {isa = PBXBuildFile; fileRef = 0409783929E3CC9F0042009B /* UPWebViewController.swift */; };
		040981F729E400200042009B /* SDWebImage in Frameworks */ = {isa = PBXBuildFile; productRef = 040981F629E400200042009B /* SDWebImage */; };
		0409820029E4015D0042009B /* TempConstants.swift in Sources */ = {isa = PBXBuildFile; fileRef = 040981FF29E4015D0042009B /* TempConstants.swift */; };
		0409820229E4049E0042009B /* UPOutletDetailComposer.swift in Sources */ = {isa = PBXBuildFile; fileRef = 0409820129E4049E0042009B /* UPOutletDetailComposer.swift */; };
		0409820429E405AB0042009B /* UPHomeViewComposer.swift in Sources */ = {isa = PBXBuildFile; fileRef = 0409820329E405AB0042009B /* UPHomeViewComposer.swift */; };
		0409820629E40BDC0042009B /* OfferDetailComposer.swift in Sources */ = {isa = PBXBuildFile; fileRef = 0409820529E40BDC0042009B /* OfferDetailComposer.swift */; };
		0409820829E51FFF0042009B /* LocationManager.swift in Sources */ = {isa = PBXBuildFile; fileRef = 0409820729E51FFF0042009B /* LocationManager.swift */; };
		0409820C29E6810A0042009B /* RedeemOffer.storyboard in Resources */ = {isa = PBXBuildFile; fileRef = 0409820B29E6810A0042009B /* RedeemOffer.storyboard */; };
		0409820E29E68D200042009B /* UPRedeemOfferViewController.swift in Sources */ = {isa = PBXBuildFile; fileRef = 0409820D29E68D200042009B /* UPRedeemOfferViewController.swift */; };
		04313A5329DFDCBE00E3CCC8 /* OutletDetail.storyboard in Resources */ = {isa = PBXBuildFile; fileRef = 04313A5229DFDCBE00E3CCC8 /* OutletDetail.storyboard */; };
		04313A5529DFDD0400E3CCC8 /* OutletDetailViewController.swift in Sources */ = {isa = PBXBuildFile; fileRef = 04313A5429DFDD0400E3CCC8 /* OutletDetailViewController.swift */; };
		04313A5729DFDDCF00E3CCC8 /* OutletDetailHeaderCollectionViewCell.swift in Sources */ = {isa = PBXBuildFile; fileRef = 04313A5629DFDDCF00E3CCC8 /* OutletDetailHeaderCollectionViewCell.swift */; };
		04313A5929DFE3EC00E3CCC8 /* UPOutletDetailViewModel.swift in Sources */ = {isa = PBXBuildFile; fileRef = 04313A5829DFE3EC00E3CCC8 /* UPOutletDetailViewModel.swift */; };
		0437254C29EE2814007254EB /* NewBrands.storyboard in Resources */ = {isa = PBXBuildFile; fileRef = 0437254B29EE2814007254EB /* NewBrands.storyboard */; };
		0437255029EE793A007254EB /* BranchSDK in Frameworks */ = {isa = PBXBuildFile; productRef = 0437254F29EE793A007254EB /* BranchSDK */; };
		046157D329EDAD5200B92A5F /* UPSearchViewComposer.swift in Sources */ = {isa = PBXBuildFile; fileRef = 046157D229EDAD5200B92A5F /* UPSearchViewComposer.swift */; };
		046157D529EDB6A300B92A5F /* Extension+String.swift in Sources */ = {isa = PBXBuildFile; fileRef = 046157D429EDB6A300B92A5F /* Extension+String.swift */; };
		0471208E29EBBFFB003EA8DA /* MBProgressHUD in Frameworks */ = {isa = PBXBuildFile; productRef = 0471208D29EBBFFB003EA8DA /* MBProgressHUD */; };
		0471209129EBC324003EA8DA /* WebView.storyboard in Resources */ = {isa = PBXBuildFile; fileRef = 0471209029EBC324003EA8DA /* WebView.storyboard */; };
		0471209329EBC375003EA8DA /* UPWebViewComposer.swift in Sources */ = {isa = PBXBuildFile; fileRef = 0471209229EBC375003EA8DA /* UPWebViewComposer.swift */; };
		0471209529EBD1A9003EA8DA /* OutletMenuImageViewerViewController.swift in Sources */ = {isa = PBXBuildFile; fileRef = 0471209429EBD1A9003EA8DA /* OutletMenuImageViewerViewController.swift */; };
		0471209729EBD1CA003EA8DA /* OutletMenuCardImageViewController.swift in Sources */ = {isa = PBXBuildFile; fileRef = 0471209629EBD1CA003EA8DA /* OutletMenuCardImageViewController.swift */; };
		0471209929EBD3F3003EA8DA /* MenuScrollableImageViewCell.swift in Sources */ = {isa = PBXBuildFile; fileRef = 0471209829EBD3F3003EA8DA /* MenuScrollableImageViewCell.swift */; };
		0471209B29EBD4E2003EA8DA /* MenuImageCollectionCell.swift in Sources */ = {isa = PBXBuildFile; fileRef = 0471209A29EBD4E2003EA8DA /* MenuImageCollectionCell.swift */; };
		0471209F29EBF183003EA8DA /* PopularCategoryListingViewModel.swift in Sources */ = {isa = PBXBuildFile; fileRef = 0471209E29EBF183003EA8DA /* PopularCategoryListingViewModel.swift */; };
		047120A329EBF88D003EA8DA /* UPUsedOffer.storyboard in Resources */ = {isa = PBXBuildFile; fileRef = 047120A229EBF88D003EA8DA /* UPUsedOffer.storyboard */; };
		047120A529EBF8A4003EA8DA /* UPUsedOfferViewController.swift in Sources */ = {isa = PBXBuildFile; fileRef = 047120A429EBF8A4003EA8DA /* UPUsedOfferViewController.swift */; };
		047120A729EBFB93003EA8DA /* UPUsedOfferTableViewCell.swift in Sources */ = {isa = PBXBuildFile; fileRef = 047120A629EBFB93003EA8DA /* UPUsedOfferTableViewCell.swift */; };
		047120A929EC2B20003EA8DA /* UPUsedOfferViewModel.swift in Sources */ = {isa = PBXBuildFile; fileRef = 047120A829EC2B20003EA8DA /* UPUsedOfferViewModel.swift */; };
		047120AB29EC2BE8003EA8DA /* UPUsedOffersViewComposer.swift in Sources */ = {isa = PBXBuildFile; fileRef = 047120AA29EC2BE8003EA8DA /* UPUsedOffersViewComposer.swift */; };
		047120AF29ED3E4E003EA8DA /* UPRecentlyViewedTableViewCell.swift in Sources */ = {isa = PBXBuildFile; fileRef = 047120AE29ED3E4E003EA8DA /* UPRecentlyViewedTableViewCell.swift */; };
		047120B129ED3E8F003EA8DA /* UPRecentlyViewedCollectionViewCell.swift in Sources */ = {isa = PBXBuildFile; fileRef = 047120B029ED3E8F003EA8DA /* UPRecentlyViewedCollectionViewCell.swift */; };
		047120B329ED41EE003EA8DA /* RecentlyViewedService.swift in Sources */ = {isa = PBXBuildFile; fileRef = 047120B229ED41EE003EA8DA /* RecentlyViewedService.swift */; };
		047120B629ED4CEC003EA8DA /* Settings.storyboard in Resources */ = {isa = PBXBuildFile; fileRef = 047120B529ED4CEC003EA8DA /* Settings.storyboard */; };
		047120B829ED4CFC003EA8DA /* UPSettingsViewController.swift in Sources */ = {isa = PBXBuildFile; fileRef = 047120B729ED4CFC003EA8DA /* UPSettingsViewController.swift */; };
		047120BA29ED4D08003EA8DA /* SettingsViewComposer.swift in Sources */ = {isa = PBXBuildFile; fileRef = 047120B929ED4D08003EA8DA /* SettingsViewComposer.swift */; };
		047120BC29ED4DC7003EA8DA /* RedeemOfferComposer.swift in Sources */ = {isa = PBXBuildFile; fileRef = 047120BB29ED4DC7003EA8DA /* RedeemOfferComposer.swift */; };
		047439B729D408E7005CB671 /* HttpClient.swift in Sources */ = {isa = PBXBuildFile; fileRef = 047439B629D408E7005CB671 /* HttpClient.swift */; };
		047439BA29D40B6F005CB671 /* HomeService.swift in Sources */ = {isa = PBXBuildFile; fileRef = 047439B929D40B6F005CB671 /* HomeService.swift */; };
		047439BC29D40D1D005CB671 /* Extension+URLRequest.swift in Sources */ = {isa = PBXBuildFile; fileRef = 047439BB29D40D1D005CB671 /* Extension+URLRequest.swift */; };
		047439BE29D413B1005CB671 /* EssentialData.swift in Sources */ = {isa = PBXBuildFile; fileRef = 047439BD29D413B1005CB671 /* EssentialData.swift */; };
		047439C029D41489005CB671 /* HomeViewModel.swift in Sources */ = {isa = PBXBuildFile; fileRef = 047439BF29D41489005CB671 /* HomeViewModel.swift */; };
		0476758529D6BED10004C885 /* StoredSearchesTableViewCell.swift in Sources */ = {isa = PBXBuildFile; fileRef = 0476758429D6BED10004C885 /* StoredSearchesTableViewCell.swift */; };
		0476758929D6DE0F0004C885 /* UPHomeCategoriesTableViewCell.swift in Sources */ = {isa = PBXBuildFile; fileRef = 0476758829D6DE0F0004C885 /* UPHomeCategoriesTableViewCell.swift */; };
		0476758D29D6E1DB0004C885 /* UPUseAgainOfferHomeTableViewCell.swift in Sources */ = {isa = PBXBuildFile; fileRef = 0476758C29D6E1DB0004C885 /* UPUseAgainOfferHomeTableViewCell.swift */; };
		0476759029D6E3C00004C885 /* PopularCategoriesTableViewCell.swift in Sources */ = {isa = PBXBuildFile; fileRef = 0476758F29D6E3C00004C885 /* PopularCategoriesTableViewCell.swift */; };
		0479970729D5638700DDD948 /* OutletSearch.storyboard in Resources */ = {isa = PBXBuildFile; fileRef = 0479970629D5638700DDD948 /* OutletSearch.storyboard */; };
		0479970929D565CF00DDD948 /* OutletSearchViewController.swift in Sources */ = {isa = PBXBuildFile; fileRef = 0479970829D565CF00DDD948 /* OutletSearchViewController.swift */; };
		0479970C29D56A2E00DDD948 /* TrendingTableViewCell.swift in Sources */ = {isa = PBXBuildFile; fileRef = 0479970B29D56A2E00DDD948 /* TrendingTableViewCell.swift */; };
		0479971029D6B01D00DDD948 /* OutletRepository.swift in Sources */ = {isa = PBXBuildFile; fileRef = 0479970F29D6B01D00DDD948 /* OutletRepository.swift */; };
		0479971229D6B1CD00DDD948 /* OutletSearchViewModel.swift in Sources */ = {isa = PBXBuildFile; fileRef = 0479971129D6B1CD00DDD948 /* OutletSearchViewModel.swift */; };
		047EBD5E29E7E2D200953AF9 /* UPRedeemOfferViewModel.swift in Sources */ = {isa = PBXBuildFile; fileRef = 047EBD5D29E7E2D200953AF9 /* UPRedeemOfferViewModel.swift */; };
		047EBD6029E7F0BA00953AF9 /* UPOutletParent.swift in Sources */ = {isa = PBXBuildFile; fileRef = 047EBD5F29E7F0BA00953AF9 /* UPOutletParent.swift */; };
		047EBD6229E801C800953AF9 /* CategoryApiResponse.swift in Sources */ = {isa = PBXBuildFile; fileRef = 047EBD6129E801C800953AF9 /* CategoryApiResponse.swift */; };
		047EBD6429E8023D00953AF9 /* UPCataegoryViewModel.swift in Sources */ = {isa = PBXBuildFile; fileRef = 047EBD6329E8023D00953AF9 /* UPCataegoryViewModel.swift */; };
		047EBD6A29E9536C00953AF9 /* NewBrandViewController.swift in Sources */ = {isa = PBXBuildFile; fileRef = 047EBD6929E9536C00953AF9 /* NewBrandViewController.swift */; };
		047EBD6C29E9539000953AF9 /* NewBrandViewModel.swift in Sources */ = {isa = PBXBuildFile; fileRef = 047EBD6B29E9539000953AF9 /* NewBrandViewModel.swift */; };
		047EBD6F29E954CF00953AF9 /* NewBrand.swift in Sources */ = {isa = PBXBuildFile; fileRef = 047EBD6E29E954CF00953AF9 /* NewBrand.swift */; };
		047EBD7129E9559300953AF9 /* OutletService+Extension+NewBrands.swift in Sources */ = {isa = PBXBuildFile; fileRef = 047EBD7029E9559300953AF9 /* OutletService+Extension+NewBrands.swift */; };
		047EBD7429E9620E00953AF9 /* NewBrandComposer.swift in Sources */ = {isa = PBXBuildFile; fileRef = 047EBD7329E9620E00953AF9 /* NewBrandComposer.swift */; };
		047EBD7629E9702E00953AF9 /* OutletService+NearbyOutlets.swift in Sources */ = {isa = PBXBuildFile; fileRef = 047EBD7529E9702E00953AF9 /* OutletService+NearbyOutlets.swift */; };
		047EBD7929E970D000953AF9 /* NearbyOutletListingViewModel.swift in Sources */ = {isa = PBXBuildFile; fileRef = 047EBD7829E970D000953AF9 /* NearbyOutletListingViewModel.swift */; };
		047EBD7F29EA78AD00953AF9 /* UPCategoriesListingViewComposer.swift in Sources */ = {isa = PBXBuildFile; fileRef = 047EBD7E29EA78AD00953AF9 /* UPCategoriesListingViewComposer.swift */; };
		047EBD8129EA8D0C00953AF9 /* UPCategoriesCollectionViewCell.swift in Sources */ = {isa = PBXBuildFile; fileRef = 047EBD8029EA8D0C00953AF9 /* UPCategoriesCollectionViewCell.swift */; };
		047EBD8329EAA25C00953AF9 /* ChildOutletListingViewModel.swift in Sources */ = {isa = PBXBuildFile; fileRef = 047EBD8229EAA25C00953AF9 /* ChildOutletListingViewModel.swift */; };
		04E68A9D29B8AABE00573B2A /* UrbanPoint_OM_SDK.docc in Sources */ = {isa = PBXBuildFile; fileRef = 04E68A9C29B8AABE00573B2A /* UrbanPoint_OM_SDK.docc */; };
		04E68AB529B8B16600573B2A /* HomeView.storyboard in Resources */ = {isa = PBXBuildFile; fileRef = 04E68AB429B8B16600573B2A /* HomeView.storyboard */; };
		04E68AB729B8B17200573B2A /* HomeViewController.swift in Sources */ = {isa = PBXBuildFile; fileRef = 04E68AB629B8B17200573B2A /* HomeViewController.swift */; };
		04E68ABA29B8B1AD00573B2A /* Extension+UIView.swift in Sources */ = {isa = PBXBuildFile; fileRef = 04E68AB929B8B1AD00573B2A /* Extension+UIView.swift */; };
		04E68ABC29B8B5F700573B2A /* Assets.xcassets in Resources */ = {isa = PBXBuildFile; fileRef = 04E68ABB29B8B5F700573B2A /* Assets.xcassets */; };
		04E68AC129B9A62800573B2A /* UrbanPoint.swift in Sources */ = {isa = PBXBuildFile; fileRef = 04E68AC029B9A62800573B2A /* UrbanPoint.swift */; };
		04E68B2029B9D5FB00573B2A /* CategoriesCollectionViewCell.swift in Sources */ = {isa = PBXBuildFile; fileRef = 04E68B1F29B9D5FB00573B2A /* CategoriesCollectionViewCell.swift */; };
		04E68B2229B9DDC000573B2A /* Colors.swift in Sources */ = {isa = PBXBuildFile; fileRef = 04E68B2129B9DDC000573B2A /* Colors.swift */; };
		04FC746929D966480099E8C5 /* UPNearbyOutletHomeTableViewCell.swift in Sources */ = {isa = PBXBuildFile; fileRef = 04FC746829D966480099E8C5 /* UPNearbyOutletHomeTableViewCell.swift */; };
		04FC746B29D966DA0099E8C5 /* UPNearbyOutletHomeCollectionViewCell.swift in Sources */ = {isa = PBXBuildFile; fileRef = 04FC746A29D966DA0099E8C5 /* UPNearbyOutletHomeCollectionViewCell.swift */; };
		04FC746E29D978160099E8C5 /* RedisCacheResponse.swift in Sources */ = {isa = PBXBuildFile; fileRef = 04FC746D29D978160099E8C5 /* RedisCacheResponse.swift */; };
		04FC747129D9C8B20099E8C5 /* Extension+UIImageView.swift in Sources */ = {isa = PBXBuildFile; fileRef = 04FC747029D9C8B20099E8C5 /* Extension+UIImageView.swift */; };
		04FC747429D9CFC10099E8C5 /* NewBrandsHomeCollectionViewCell.swift in Sources */ = {isa = PBXBuildFile; fileRef = 04FC747329D9CFC10099E8C5 /* NewBrandsHomeCollectionViewCell.swift */; };
		04FC747629D9CFD00099E8C5 /* NewBrandsTableViewCell.swift in Sources */ = {isa = PBXBuildFile; fileRef = 04FC747529D9CFD00099E8C5 /* NewBrandsTableViewCell.swift */; };
		04FC747929DA98870099E8C5 /* OutletListing.storyboard in Resources */ = {isa = PBXBuildFile; fileRef = 04FC747829DA98870099E8C5 /* OutletListing.storyboard */; };
		04FC747B29DA9A260099E8C5 /* OutletListingViewController.swift in Sources */ = {isa = PBXBuildFile; fileRef = 04FC747A29DA9A260099E8C5 /* OutletListingViewController.swift */; };
		04FC747D29DA9E750099E8C5 /* UPOutletListingTableViewCell.swift in Sources */ = {isa = PBXBuildFile; fileRef = 04FC747C29DA9E750099E8C5 /* UPOutletListingTableViewCell.swift */; };
		04FC747F29DAA8510099E8C5 /* UPOfferTableViewCell.swift in Sources */ = {isa = PBXBuildFile; fileRef = 04FC747E29DAA8510099E8C5 /* UPOfferTableViewCell.swift */; };
		04FC748129DAAF690099E8C5 /* OutletService.swift in Sources */ = {isa = PBXBuildFile; fileRef = 04FC748029DAAF690099E8C5 /* OutletService.swift */; };
		04FC748329DAB23E0099E8C5 /* UPOutlet.swift in Sources */ = {isa = PBXBuildFile; fileRef = 04FC748229DAB23E0099E8C5 /* UPOutlet.swift */; };
		04FC748529DAB4070099E8C5 /* OutletListingPresenter.swift in Sources */ = {isa = PBXBuildFile; fileRef = 04FC748429DAB4070099E8C5 /* OutletListingPresenter.swift */; };
		04FC748729DAC1500099E8C5 /* OutletListingContainerViewController.swift in Sources */ = {isa = PBXBuildFile; fileRef = 04FC748629DAC1500099E8C5 /* OutletListingContainerViewController.swift */; };
		04FC748929DAC2A50099E8C5 /* Extension+UIViewController.swift in Sources */ = {isa = PBXBuildFile; fileRef = 04FC748829DAC2A50099E8C5 /* Extension+UIViewController.swift */; };
		04FC74A229DADA180099E8C5 /* DIN NEXT™ ARABIC BLACK.otf in Resources */ = {isa = PBXBuildFile; fileRef = 04FC748C29DADA160099E8C5 /* DIN NEXT™ ARABIC BLACK.otf */; };
		04FC74A329DADA180099E8C5 /* Roboto-Light.ttf in Resources */ = {isa = PBXBuildFile; fileRef = 04FC748D29DADA160099E8C5 /* Roboto-Light.ttf */; };
		04FC74A429DADA180099E8C5 /* Roboto-Medium.ttf in Resources */ = {isa = PBXBuildFile; fileRef = 04FC748E29DADA160099E8C5 /* Roboto-Medium.ttf */; };
		04FC74A529DADA180099E8C5 /* Roboto-Thin.ttf in Resources */ = {isa = PBXBuildFile; fileRef = 04FC748F29DADA160099E8C5 /* Roboto-Thin.ttf */; };
		04FC74A629DADA180099E8C5 /* DIN NEXT™ ARABIC LIGHT.otf in Resources */ = {isa = PBXBuildFile; fileRef = 04FC749029DADA160099E8C5 /* DIN NEXT™ ARABIC LIGHT.otf */; };
		04FC74A729DADA180099E8C5 /* DIN NEXT™ ARABIC REGULAR.otf in Resources */ = {isa = PBXBuildFile; fileRef = 04FC749129DADA160099E8C5 /* DIN NEXT™ ARABIC REGULAR.otf */; };
		04FC74A829DADA180099E8C5 /* proxima_nova_alt_regular.ttf in Resources */ = {isa = PBXBuildFile; fileRef = 04FC749229DADA170099E8C5 /* proxima_nova_alt_regular.ttf */; };
		04FC74A929DADA180099E8C5 /* Roboto-BlackItalic.ttf in Resources */ = {isa = PBXBuildFile; fileRef = 04FC749329DADA170099E8C5 /* Roboto-BlackItalic.ttf */; };
		04FC74AA29DADA180099E8C5 /* Roboto-Italic.ttf in Resources */ = {isa = PBXBuildFile; fileRef = 04FC749429DADA170099E8C5 /* Roboto-Italic.ttf */; };
		04FC74AB29DADA180099E8C5 /* Roboto-Black.ttf in Resources */ = {isa = PBXBuildFile; fileRef = 04FC749529DADA170099E8C5 /* Roboto-Black.ttf */; };
		04FC74AC29DADA180099E8C5 /* Roboto-BoldItalic.ttf in Resources */ = {isa = PBXBuildFile; fileRef = 04FC749629DADA170099E8C5 /* Roboto-BoldItalic.ttf */; };
		04FC74AD29DADA180099E8C5 /* Roboto-LightItalic.ttf in Resources */ = {isa = PBXBuildFile; fileRef = 04FC749729DADA170099E8C5 /* Roboto-LightItalic.ttf */; };
		04FC74AE29DADA180099E8C5 /* proxima_nova_alt_thin.ttf in Resources */ = {isa = PBXBuildFile; fileRef = 04FC749829DADA170099E8C5 /* proxima_nova_alt_thin.ttf */; };
		04FC74AF29DADA180099E8C5 /* Mark Simonson - Proxima Nova Alt Bold.otf in Resources */ = {isa = PBXBuildFile; fileRef = 04FC749929DADA170099E8C5 /* Mark Simonson - Proxima Nova Alt Bold.otf */; };
		04FC74B029DADA180099E8C5 /* DIN NEXT™ ARABIC MEDIUM .otf in Resources */ = {isa = PBXBuildFile; fileRef = 04FC749A29DADA170099E8C5 /* DIN NEXT™ ARABIC MEDIUM .otf */; };
		04FC74B129DADA180099E8C5 /* Roboto-MediumItalic.ttf in Resources */ = {isa = PBXBuildFile; fileRef = 04FC749B29DADA170099E8C5 /* Roboto-MediumItalic.ttf */; };
		04FC74B229DADA180099E8C5 /* DIN NEXT™ ARABIC BOLD.otf in Resources */ = {isa = PBXBuildFile; fileRef = 04FC749C29DADA180099E8C5 /* DIN NEXT™ ARABIC BOLD.otf */; };
		04FC74B329DADA180099E8C5 /* proximanova-semibold.otf in Resources */ = {isa = PBXBuildFile; fileRef = 04FC749D29DADA180099E8C5 /* proximanova-semibold.otf */; };
		04FC74B429DADA180099E8C5 /* Roboto-ThinItalic.ttf in Resources */ = {isa = PBXBuildFile; fileRef = 04FC749E29DADA180099E8C5 /* Roboto-ThinItalic.ttf */; };
		04FC74B529DADA180099E8C5 /* Roboto-Bold.ttf in Resources */ = {isa = PBXBuildFile; fileRef = 04FC749F29DADA180099E8C5 /* Roboto-Bold.ttf */; };
		04FC74B629DADA180099E8C5 /* Roboto-Regular.ttf in Resources */ = {isa = PBXBuildFile; fileRef = 04FC74A029DADA180099E8C5 /* Roboto-Regular.ttf */; };
		04FC74B729DADA180099E8C5 /* DIN NEXT™ ARABIC HEAVY.otf in Resources */ = {isa = PBXBuildFile; fileRef = 04FC74A129DADA180099E8C5 /* DIN NEXT™ ARABIC HEAVY.otf */; };
		04FC74BC29DBDDBF0099E8C5 /* Offer.storyboard in Resources */ = {isa = PBXBuildFile; fileRef = 04FC74BB29DBDDBF0099E8C5 /* Offer.storyboard */; };
		04FC74BE29DBDE9C0099E8C5 /* OfferDetailViewController.swift in Sources */ = {isa = PBXBuildFile; fileRef = 04FC74BD29DBDE9C0099E8C5 /* OfferDetailViewController.swift */; };
		04FC74C029DBE3990099E8C5 /* OfferDetailViewModel.swift in Sources */ = {isa = PBXBuildFile; fileRef = 04FC74BF29DBE3990099E8C5 /* OfferDetailViewModel.swift */; };
		04FC74C229DBE3F90099E8C5 /* OfferRepository.swift in Sources */ = {isa = PBXBuildFile; fileRef = 04FC74C129DBE3F90099E8C5 /* OfferRepository.swift */; };
		04FC74C429DBE6B50099E8C5 /* OfferDetailResponse.swift in Sources */ = {isa = PBXBuildFile; fileRef = 04FC74C329DBE6B50099E8C5 /* OfferDetailResponse.swift */; };
		04FC74CA29DD4D980099E8C5 /* UPCategoriesViewController.swift in Sources */ = {isa = PBXBuildFile; fileRef = 04FC74C929DD4D980099E8C5 /* UPCategoriesViewController.swift */; };
/* End PBXBuildFile section */

/* Begin PBXFileReference section */
		0409783929E3CC9F0042009B /* UPWebViewController.swift */ = {isa = PBXFileReference; lastKnownFileType = sourcecode.swift; path = UPWebViewController.swift; sourceTree = "<group>"; };
		040981FF29E4015D0042009B /* TempConstants.swift */ = {isa = PBXFileReference; lastKnownFileType = sourcecode.swift; path = TempConstants.swift; sourceTree = "<group>"; };
		0409820129E4049E0042009B /* UPOutletDetailComposer.swift */ = {isa = PBXFileReference; lastKnownFileType = sourcecode.swift; path = UPOutletDetailComposer.swift; sourceTree = "<group>"; };
		0409820329E405AB0042009B /* UPHomeViewComposer.swift */ = {isa = PBXFileReference; lastKnownFileType = sourcecode.swift; path = UPHomeViewComposer.swift; sourceTree = "<group>"; };
		0409820529E40BDC0042009B /* OfferDetailComposer.swift */ = {isa = PBXFileReference; lastKnownFileType = sourcecode.swift; path = OfferDetailComposer.swift; sourceTree = "<group>"; };
		0409820729E51FFF0042009B /* LocationManager.swift */ = {isa = PBXFileReference; lastKnownFileType = sourcecode.swift; path = LocationManager.swift; sourceTree = "<group>"; };
		0409820B29E6810A0042009B /* RedeemOffer.storyboard */ = {isa = PBXFileReference; lastKnownFileType = file.storyboard; path = RedeemOffer.storyboard; sourceTree = "<group>"; };
		0409820D29E68D200042009B /* UPRedeemOfferViewController.swift */ = {isa = PBXFileReference; lastKnownFileType = sourcecode.swift; path = UPRedeemOfferViewController.swift; sourceTree = "<group>"; };
		04313A5229DFDCBE00E3CCC8 /* OutletDetail.storyboard */ = {isa = PBXFileReference; lastKnownFileType = file.storyboard; path = OutletDetail.storyboard; sourceTree = "<group>"; };
		04313A5429DFDD0400E3CCC8 /* OutletDetailViewController.swift */ = {isa = PBXFileReference; lastKnownFileType = sourcecode.swift; path = OutletDetailViewController.swift; sourceTree = "<group>"; };
		04313A5629DFDDCF00E3CCC8 /* OutletDetailHeaderCollectionViewCell.swift */ = {isa = PBXFileReference; lastKnownFileType = sourcecode.swift; path = OutletDetailHeaderCollectionViewCell.swift; sourceTree = "<group>"; };
		04313A5829DFE3EC00E3CCC8 /* UPOutletDetailViewModel.swift */ = {isa = PBXFileReference; lastKnownFileType = sourcecode.swift; path = UPOutletDetailViewModel.swift; sourceTree = "<group>"; };
		0437254B29EE2814007254EB /* NewBrands.storyboard */ = {isa = PBXFileReference; fileEncoding = 4; lastKnownFileType = file.storyboard; path = NewBrands.storyboard; sourceTree = "<group>"; };
		046157D229EDAD5200B92A5F /* UPSearchViewComposer.swift */ = {isa = PBXFileReference; lastKnownFileType = sourcecode.swift; path = UPSearchViewComposer.swift; sourceTree = "<group>"; };
		046157D429EDB6A300B92A5F /* Extension+String.swift */ = {isa = PBXFileReference; lastKnownFileType = sourcecode.swift; path = "Extension+String.swift"; sourceTree = "<group>"; };
		0471209029EBC324003EA8DA /* WebView.storyboard */ = {isa = PBXFileReference; lastKnownFileType = file.storyboard; path = WebView.storyboard; sourceTree = "<group>"; };
		0471209229EBC375003EA8DA /* UPWebViewComposer.swift */ = {isa = PBXFileReference; lastKnownFileType = sourcecode.swift; path = UPWebViewComposer.swift; sourceTree = "<group>"; };
		0471209429EBD1A9003EA8DA /* OutletMenuImageViewerViewController.swift */ = {isa = PBXFileReference; lastKnownFileType = sourcecode.swift; path = OutletMenuImageViewerViewController.swift; sourceTree = "<group>"; };
		0471209629EBD1CA003EA8DA /* OutletMenuCardImageViewController.swift */ = {isa = PBXFileReference; lastKnownFileType = sourcecode.swift; path = OutletMenuCardImageViewController.swift; sourceTree = "<group>"; };
		0471209829EBD3F3003EA8DA /* MenuScrollableImageViewCell.swift */ = {isa = PBXFileReference; lastKnownFileType = sourcecode.swift; path = MenuScrollableImageViewCell.swift; sourceTree = "<group>"; };
		0471209A29EBD4E2003EA8DA /* MenuImageCollectionCell.swift */ = {isa = PBXFileReference; lastKnownFileType = sourcecode.swift; path = MenuImageCollectionCell.swift; sourceTree = "<group>"; };
		0471209E29EBF183003EA8DA /* PopularCategoryListingViewModel.swift */ = {isa = PBXFileReference; lastKnownFileType = sourcecode.swift; path = PopularCategoryListingViewModel.swift; sourceTree = "<group>"; };
		047120A229EBF88D003EA8DA /* UPUsedOffer.storyboard */ = {isa = PBXFileReference; lastKnownFileType = file.storyboard; path = UPUsedOffer.storyboard; sourceTree = "<group>"; };
		047120A429EBF8A4003EA8DA /* UPUsedOfferViewController.swift */ = {isa = PBXFileReference; lastKnownFileType = sourcecode.swift; path = UPUsedOfferViewController.swift; sourceTree = "<group>"; };
		047120A629EBFB93003EA8DA /* UPUsedOfferTableViewCell.swift */ = {isa = PBXFileReference; lastKnownFileType = sourcecode.swift; path = UPUsedOfferTableViewCell.swift; sourceTree = "<group>"; };
		047120A829EC2B20003EA8DA /* UPUsedOfferViewModel.swift */ = {isa = PBXFileReference; lastKnownFileType = sourcecode.swift; path = UPUsedOfferViewModel.swift; sourceTree = "<group>"; };
		047120AA29EC2BE8003EA8DA /* UPUsedOffersViewComposer.swift */ = {isa = PBXFileReference; lastKnownFileType = sourcecode.swift; path = UPUsedOffersViewComposer.swift; sourceTree = "<group>"; };
		047120AE29ED3E4E003EA8DA /* UPRecentlyViewedTableViewCell.swift */ = {isa = PBXFileReference; lastKnownFileType = sourcecode.swift; path = UPRecentlyViewedTableViewCell.swift; sourceTree = "<group>"; };
		047120B029ED3E8F003EA8DA /* UPRecentlyViewedCollectionViewCell.swift */ = {isa = PBXFileReference; lastKnownFileType = sourcecode.swift; path = UPRecentlyViewedCollectionViewCell.swift; sourceTree = "<group>"; };
		047120B229ED41EE003EA8DA /* RecentlyViewedService.swift */ = {isa = PBXFileReference; lastKnownFileType = sourcecode.swift; path = RecentlyViewedService.swift; sourceTree = "<group>"; };
		047120B529ED4CEC003EA8DA /* Settings.storyboard */ = {isa = PBXFileReference; lastKnownFileType = file.storyboard; path = Settings.storyboard; sourceTree = "<group>"; };
		047120B729ED4CFC003EA8DA /* UPSettingsViewController.swift */ = {isa = PBXFileReference; lastKnownFileType = sourcecode.swift; path = UPSettingsViewController.swift; sourceTree = "<group>"; };
		047120B929ED4D08003EA8DA /* SettingsViewComposer.swift */ = {isa = PBXFileReference; lastKnownFileType = sourcecode.swift; path = SettingsViewComposer.swift; sourceTree = "<group>"; };
		047120BB29ED4DC7003EA8DA /* RedeemOfferComposer.swift */ = {isa = PBXFileReference; lastKnownFileType = sourcecode.swift; path = RedeemOfferComposer.swift; sourceTree = "<group>"; };
		047247A129EFD33900A62BCC /* Alamofire.framework */ = {isa = PBXFileReference; explicitFileType = wrapper.framework; path = Alamofire.framework; sourceTree = BUILT_PRODUCTS_DIR; };
		047439B629D408E7005CB671 /* HttpClient.swift */ = {isa = PBXFileReference; lastKnownFileType = sourcecode.swift; path = HttpClient.swift; sourceTree = "<group>"; };
		047439B929D40B6F005CB671 /* HomeService.swift */ = {isa = PBXFileReference; lastKnownFileType = sourcecode.swift; path = HomeService.swift; sourceTree = "<group>"; };
		047439BB29D40D1D005CB671 /* Extension+URLRequest.swift */ = {isa = PBXFileReference; lastKnownFileType = sourcecode.swift; path = "Extension+URLRequest.swift"; sourceTree = "<group>"; };
		047439BD29D413B1005CB671 /* EssentialData.swift */ = {isa = PBXFileReference; lastKnownFileType = sourcecode.swift; path = EssentialData.swift; sourceTree = "<group>"; };
		047439BF29D41489005CB671 /* HomeViewModel.swift */ = {isa = PBXFileReference; lastKnownFileType = sourcecode.swift; path = HomeViewModel.swift; sourceTree = "<group>"; };
		0476758429D6BED10004C885 /* StoredSearchesTableViewCell.swift */ = {isa = PBXFileReference; lastKnownFileType = sourcecode.swift; path = StoredSearchesTableViewCell.swift; sourceTree = "<group>"; };
		0476758829D6DE0F0004C885 /* UPHomeCategoriesTableViewCell.swift */ = {isa = PBXFileReference; lastKnownFileType = sourcecode.swift; path = UPHomeCategoriesTableViewCell.swift; sourceTree = "<group>"; };
		0476758C29D6E1DB0004C885 /* UPUseAgainOfferHomeTableViewCell.swift */ = {isa = PBXFileReference; lastKnownFileType = sourcecode.swift; path = UPUseAgainOfferHomeTableViewCell.swift; sourceTree = "<group>"; };
		0476758F29D6E3C00004C885 /* PopularCategoriesTableViewCell.swift */ = {isa = PBXFileReference; lastKnownFileType = sourcecode.swift; path = PopularCategoriesTableViewCell.swift; sourceTree = "<group>"; };
		0479970629D5638700DDD948 /* OutletSearch.storyboard */ = {isa = PBXFileReference; lastKnownFileType = file.storyboard; path = OutletSearch.storyboard; sourceTree = "<group>"; };
		0479970829D565CF00DDD948 /* OutletSearchViewController.swift */ = {isa = PBXFileReference; lastKnownFileType = sourcecode.swift; path = OutletSearchViewController.swift; sourceTree = "<group>"; };
		0479970B29D56A2E00DDD948 /* TrendingTableViewCell.swift */ = {isa = PBXFileReference; lastKnownFileType = sourcecode.swift; path = TrendingTableViewCell.swift; sourceTree = "<group>"; };
		0479970F29D6B01D00DDD948 /* OutletRepository.swift */ = {isa = PBXFileReference; lastKnownFileType = sourcecode.swift; path = OutletRepository.swift; sourceTree = "<group>"; };
		0479971129D6B1CD00DDD948 /* OutletSearchViewModel.swift */ = {isa = PBXFileReference; lastKnownFileType = sourcecode.swift; path = OutletSearchViewModel.swift; sourceTree = "<group>"; };
		047EBD5D29E7E2D200953AF9 /* UPRedeemOfferViewModel.swift */ = {isa = PBXFileReference; lastKnownFileType = sourcecode.swift; path = UPRedeemOfferViewModel.swift; sourceTree = "<group>"; };
		047EBD5F29E7F0BA00953AF9 /* UPOutletParent.swift */ = {isa = PBXFileReference; lastKnownFileType = sourcecode.swift; path = UPOutletParent.swift; sourceTree = "<group>"; };
		047EBD6129E801C800953AF9 /* CategoryApiResponse.swift */ = {isa = PBXFileReference; lastKnownFileType = sourcecode.swift; path = CategoryApiResponse.swift; sourceTree = "<group>"; };
		047EBD6329E8023D00953AF9 /* UPCataegoryViewModel.swift */ = {isa = PBXFileReference; lastKnownFileType = sourcecode.swift; path = UPCataegoryViewModel.swift; sourceTree = "<group>"; };
		047EBD6929E9536C00953AF9 /* NewBrandViewController.swift */ = {isa = PBXFileReference; lastKnownFileType = sourcecode.swift; path = NewBrandViewController.swift; sourceTree = "<group>"; };
		047EBD6B29E9539000953AF9 /* NewBrandViewModel.swift */ = {isa = PBXFileReference; lastKnownFileType = sourcecode.swift; path = NewBrandViewModel.swift; sourceTree = "<group>"; };
		047EBD6E29E954CF00953AF9 /* NewBrand.swift */ = {isa = PBXFileReference; lastKnownFileType = sourcecode.swift; path = NewBrand.swift; sourceTree = "<group>"; };
		047EBD7029E9559300953AF9 /* OutletService+Extension+NewBrands.swift */ = {isa = PBXFileReference; lastKnownFileType = sourcecode.swift; path = "OutletService+Extension+NewBrands.swift"; sourceTree = "<group>"; };
		047EBD7329E9620E00953AF9 /* NewBrandComposer.swift */ = {isa = PBXFileReference; lastKnownFileType = sourcecode.swift; path = NewBrandComposer.swift; sourceTree = "<group>"; };
		047EBD7529E9702E00953AF9 /* OutletService+NearbyOutlets.swift */ = {isa = PBXFileReference; lastKnownFileType = sourcecode.swift; path = "OutletService+NearbyOutlets.swift"; sourceTree = "<group>"; };
		047EBD7829E970D000953AF9 /* NearbyOutletListingViewModel.swift */ = {isa = PBXFileReference; lastKnownFileType = sourcecode.swift; path = NearbyOutletListingViewModel.swift; sourceTree = "<group>"; };
		047EBD7E29EA78AD00953AF9 /* UPCategoriesListingViewComposer.swift */ = {isa = PBXFileReference; lastKnownFileType = sourcecode.swift; path = UPCategoriesListingViewComposer.swift; sourceTree = "<group>"; };
		047EBD8029EA8D0C00953AF9 /* UPCategoriesCollectionViewCell.swift */ = {isa = PBXFileReference; lastKnownFileType = sourcecode.swift; path = UPCategoriesCollectionViewCell.swift; sourceTree = "<group>"; };
		047EBD8229EAA25C00953AF9 /* ChildOutletListingViewModel.swift */ = {isa = PBXFileReference; lastKnownFileType = sourcecode.swift; path = ChildOutletListingViewModel.swift; sourceTree = "<group>"; };
		04E68A9829B8AABE00573B2A /* UrbanPoint_OM_SDK.framework */ = {isa = PBXFileReference; explicitFileType = wrapper.framework; includeInIndex = 0; path = UrbanPoint_OM_SDK.framework; sourceTree = BUILT_PRODUCTS_DIR; };
		04E68A9C29B8AABE00573B2A /* UrbanPoint_OM_SDK.docc */ = {isa = PBXFileReference; lastKnownFileType = folder.documentationcatalog; path = UrbanPoint_OM_SDK.docc; sourceTree = "<group>"; };
		04E68AB429B8B16600573B2A /* HomeView.storyboard */ = {isa = PBXFileReference; lastKnownFileType = file.storyboard; path = HomeView.storyboard; sourceTree = "<group>"; };
		04E68AB629B8B17200573B2A /* HomeViewController.swift */ = {isa = PBXFileReference; lastKnownFileType = sourcecode.swift; path = HomeViewController.swift; sourceTree = "<group>"; };
		04E68AB929B8B1AD00573B2A /* Extension+UIView.swift */ = {isa = PBXFileReference; lastKnownFileType = sourcecode.swift; path = "Extension+UIView.swift"; sourceTree = "<group>"; };
		04E68ABB29B8B5F700573B2A /* Assets.xcassets */ = {isa = PBXFileReference; lastKnownFileType = folder.assetcatalog; path = Assets.xcassets; sourceTree = "<group>"; };
		04E68AC029B9A62800573B2A /* UrbanPoint.swift */ = {isa = PBXFileReference; lastKnownFileType = sourcecode.swift; path = UrbanPoint.swift; sourceTree = "<group>"; };
		04E68B1F29B9D5FB00573B2A /* CategoriesCollectionViewCell.swift */ = {isa = PBXFileReference; lastKnownFileType = sourcecode.swift; path = CategoriesCollectionViewCell.swift; sourceTree = "<group>"; };
		04E68B2129B9DDC000573B2A /* Colors.swift */ = {isa = PBXFileReference; lastKnownFileType = sourcecode.swift; path = Colors.swift; sourceTree = "<group>"; };
		04FC746829D966480099E8C5 /* UPNearbyOutletHomeTableViewCell.swift */ = {isa = PBXFileReference; lastKnownFileType = sourcecode.swift; path = UPNearbyOutletHomeTableViewCell.swift; sourceTree = "<group>"; };
		04FC746A29D966DA0099E8C5 /* UPNearbyOutletHomeCollectionViewCell.swift */ = {isa = PBXFileReference; lastKnownFileType = sourcecode.swift; path = UPNearbyOutletHomeCollectionViewCell.swift; sourceTree = "<group>"; };
		04FC746D29D978160099E8C5 /* RedisCacheResponse.swift */ = {isa = PBXFileReference; lastKnownFileType = sourcecode.swift; path = RedisCacheResponse.swift; sourceTree = "<group>"; };
		04FC747029D9C8B20099E8C5 /* Extension+UIImageView.swift */ = {isa = PBXFileReference; lastKnownFileType = sourcecode.swift; path = "Extension+UIImageView.swift"; sourceTree = "<group>"; };
		04FC747329D9CFC10099E8C5 /* NewBrandsHomeCollectionViewCell.swift */ = {isa = PBXFileReference; lastKnownFileType = sourcecode.swift; path = NewBrandsHomeCollectionViewCell.swift; sourceTree = "<group>"; };
		04FC747529D9CFD00099E8C5 /* NewBrandsTableViewCell.swift */ = {isa = PBXFileReference; lastKnownFileType = sourcecode.swift; path = NewBrandsTableViewCell.swift; sourceTree = "<group>"; };
		04FC747829DA98870099E8C5 /* OutletListing.storyboard */ = {isa = PBXFileReference; lastKnownFileType = file.storyboard; path = OutletListing.storyboard; sourceTree = "<group>"; };
		04FC747A29DA9A260099E8C5 /* OutletListingViewController.swift */ = {isa = PBXFileReference; lastKnownFileType = sourcecode.swift; path = OutletListingViewController.swift; sourceTree = "<group>"; };
		04FC747C29DA9E750099E8C5 /* UPOutletListingTableViewCell.swift */ = {isa = PBXFileReference; lastKnownFileType = sourcecode.swift; path = UPOutletListingTableViewCell.swift; sourceTree = "<group>"; };
		04FC747E29DAA8510099E8C5 /* UPOfferTableViewCell.swift */ = {isa = PBXFileReference; lastKnownFileType = sourcecode.swift; path = UPOfferTableViewCell.swift; sourceTree = "<group>"; };
		04FC748029DAAF690099E8C5 /* OutletService.swift */ = {isa = PBXFileReference; lastKnownFileType = sourcecode.swift; path = OutletService.swift; sourceTree = "<group>"; };
		04FC748229DAB23E0099E8C5 /* UPOutlet.swift */ = {isa = PBXFileReference; lastKnownFileType = sourcecode.swift; path = UPOutlet.swift; sourceTree = "<group>"; };
		04FC748429DAB4070099E8C5 /* OutletListingPresenter.swift */ = {isa = PBXFileReference; lastKnownFileType = sourcecode.swift; path = OutletListingPresenter.swift; sourceTree = "<group>"; };
		04FC748629DAC1500099E8C5 /* OutletListingContainerViewController.swift */ = {isa = PBXFileReference; lastKnownFileType = sourcecode.swift; path = OutletListingContainerViewController.swift; sourceTree = "<group>"; };
		04FC748829DAC2A50099E8C5 /* Extension+UIViewController.swift */ = {isa = PBXFileReference; lastKnownFileType = sourcecode.swift; path = "Extension+UIViewController.swift"; sourceTree = "<group>"; };
		04FC748C29DADA160099E8C5 /* DIN NEXT™ ARABIC BLACK.otf */ = {isa = PBXFileReference; lastKnownFileType = file; path = "DIN NEXT™ ARABIC BLACK.otf"; sourceTree = "<group>"; };
		04FC748D29DADA160099E8C5 /* Roboto-Light.ttf */ = {isa = PBXFileReference; lastKnownFileType = file; path = "Roboto-Light.ttf"; sourceTree = "<group>"; };
		04FC748E29DADA160099E8C5 /* Roboto-Medium.ttf */ = {isa = PBXFileReference; lastKnownFileType = file; path = "Roboto-Medium.ttf"; sourceTree = "<group>"; };
		04FC748F29DADA160099E8C5 /* Roboto-Thin.ttf */ = {isa = PBXFileReference; lastKnownFileType = file; path = "Roboto-Thin.ttf"; sourceTree = "<group>"; };
		04FC749029DADA160099E8C5 /* DIN NEXT™ ARABIC LIGHT.otf */ = {isa = PBXFileReference; lastKnownFileType = file; path = "DIN NEXT™ ARABIC LIGHT.otf"; sourceTree = "<group>"; };
		04FC749129DADA160099E8C5 /* DIN NEXT™ ARABIC REGULAR.otf */ = {isa = PBXFileReference; lastKnownFileType = file; path = "DIN NEXT™ ARABIC REGULAR.otf"; sourceTree = "<group>"; };
		04FC749229DADA170099E8C5 /* proxima_nova_alt_regular.ttf */ = {isa = PBXFileReference; lastKnownFileType = file; path = proxima_nova_alt_regular.ttf; sourceTree = "<group>"; };
		04FC749329DADA170099E8C5 /* Roboto-BlackItalic.ttf */ = {isa = PBXFileReference; lastKnownFileType = file; path = "Roboto-BlackItalic.ttf"; sourceTree = "<group>"; };
		04FC749429DADA170099E8C5 /* Roboto-Italic.ttf */ = {isa = PBXFileReference; lastKnownFileType = file; path = "Roboto-Italic.ttf"; sourceTree = "<group>"; };
		04FC749529DADA170099E8C5 /* Roboto-Black.ttf */ = {isa = PBXFileReference; lastKnownFileType = file; path = "Roboto-Black.ttf"; sourceTree = "<group>"; };
		04FC749629DADA170099E8C5 /* Roboto-BoldItalic.ttf */ = {isa = PBXFileReference; lastKnownFileType = file; path = "Roboto-BoldItalic.ttf"; sourceTree = "<group>"; };
		04FC749729DADA170099E8C5 /* Roboto-LightItalic.ttf */ = {isa = PBXFileReference; lastKnownFileType = file; path = "Roboto-LightItalic.ttf"; sourceTree = "<group>"; };
		04FC749829DADA170099E8C5 /* proxima_nova_alt_thin.ttf */ = {isa = PBXFileReference; lastKnownFileType = file; path = proxima_nova_alt_thin.ttf; sourceTree = "<group>"; };
		04FC749929DADA170099E8C5 /* Mark Simonson - Proxima Nova Alt Bold.otf */ = {isa = PBXFileReference; lastKnownFileType = file; path = "Mark Simonson - Proxima Nova Alt Bold.otf"; sourceTree = "<group>"; };
		04FC749A29DADA170099E8C5 /* DIN NEXT™ ARABIC MEDIUM .otf */ = {isa = PBXFileReference; lastKnownFileType = file; path = "DIN NEXT™ ARABIC MEDIUM .otf"; sourceTree = "<group>"; };
		04FC749B29DADA170099E8C5 /* Roboto-MediumItalic.ttf */ = {isa = PBXFileReference; lastKnownFileType = file; path = "Roboto-MediumItalic.ttf"; sourceTree = "<group>"; };
		04FC749C29DADA180099E8C5 /* DIN NEXT™ ARABIC BOLD.otf */ = {isa = PBXFileReference; lastKnownFileType = file; path = "DIN NEXT™ ARABIC BOLD.otf"; sourceTree = "<group>"; };
		04FC749D29DADA180099E8C5 /* proximanova-semibold.otf */ = {isa = PBXFileReference; lastKnownFileType = file; path = "proximanova-semibold.otf"; sourceTree = "<group>"; };
		04FC749E29DADA180099E8C5 /* Roboto-ThinItalic.ttf */ = {isa = PBXFileReference; lastKnownFileType = file; path = "Roboto-ThinItalic.ttf"; sourceTree = "<group>"; };
		04FC749F29DADA180099E8C5 /* Roboto-Bold.ttf */ = {isa = PBXFileReference; lastKnownFileType = file; path = "Roboto-Bold.ttf"; sourceTree = "<group>"; };
		04FC74A029DADA180099E8C5 /* Roboto-Regular.ttf */ = {isa = PBXFileReference; lastKnownFileType = file; path = "Roboto-Regular.ttf"; sourceTree = "<group>"; };
		04FC74A129DADA180099E8C5 /* DIN NEXT™ ARABIC HEAVY.otf */ = {isa = PBXFileReference; lastKnownFileType = file; path = "DIN NEXT™ ARABIC HEAVY.otf"; sourceTree = "<group>"; };
		04FC74BB29DBDDBF0099E8C5 /* Offer.storyboard */ = {isa = PBXFileReference; lastKnownFileType = file.storyboard; path = Offer.storyboard; sourceTree = "<group>"; };
		04FC74BD29DBDE9C0099E8C5 /* OfferDetailViewController.swift */ = {isa = PBXFileReference; lastKnownFileType = sourcecode.swift; path = OfferDetailViewController.swift; sourceTree = "<group>"; };
		04FC74BF29DBE3990099E8C5 /* OfferDetailViewModel.swift */ = {isa = PBXFileReference; lastKnownFileType = sourcecode.swift; path = OfferDetailViewModel.swift; sourceTree = "<group>"; };
		04FC74C129DBE3F90099E8C5 /* OfferRepository.swift */ = {isa = PBXFileReference; lastKnownFileType = sourcecode.swift; path = OfferRepository.swift; sourceTree = "<group>"; };
		04FC74C329DBE6B50099E8C5 /* OfferDetailResponse.swift */ = {isa = PBXFileReference; lastKnownFileType = sourcecode.swift; path = OfferDetailResponse.swift; sourceTree = "<group>"; };
		04FC74C929DD4D980099E8C5 /* UPCategoriesViewController.swift */ = {isa = PBXFileReference; lastKnownFileType = sourcecode.swift; path = UPCategoriesViewController.swift; sourceTree = "<group>"; };
/* End PBXFileReference section */

/* Begin PBXFrameworksBuildPhase section */
		04E68A9529B8AABE00573B2A /* Frameworks */ = {
			isa = PBXFrameworksBuildPhase;
			buildActionMask = 2147483647;
			files = (
				0437255029EE793A007254EB /* BranchSDK in Frameworks */,
				0471208E29EBBFFB003EA8DA /* MBProgressHUD in Frameworks */,
				040981F729E400200042009B /* SDWebImage in Frameworks */,
			);
			runOnlyForDeploymentPostprocessing = 0;
		};
/* End PBXFrameworksBuildPhase section */

/* Begin PBXGroup section */
		0409820A29E680FC0042009B /* RedeemOffer */ = {
			isa = PBXGroup;
			children = (
				0409820B29E6810A0042009B /* RedeemOffer.storyboard */,
				0409820D29E68D200042009B /* UPRedeemOfferViewController.swift */,
				047EBD5D29E7E2D200953AF9 /* UPRedeemOfferViewModel.swift */,
				047120BB29ED4DC7003EA8DA /* RedeemOfferComposer.swift */,
			);
			path = RedeemOffer;
			sourceTree = "<group>";
		};
		04313A5029DFDC9300E3CCC8 /* Outlet */ = {
			isa = PBXGroup;
			children = (
				047EBD6D29E954B700953AF9 /* OutletRepository */,
				0479970E29D6B00400DDD948 /* OutletSearchService */,
				04313A5129DFDCA900E3CCC8 /* OutletDetail */,
				04FC747729DA986D0099E8C5 /* OutletListing */,
				0479970529D5635400DDD948 /* OutletSearch */,
			);
			path = Outlet;
			sourceTree = "<group>";
		};
		04313A5129DFDCA900E3CCC8 /* OutletDetail */ = {
			isa = PBXGroup;
			children = (
				04313A5229DFDCBE00E3CCC8 /* OutletDetail.storyboard */,
				04313A5429DFDD0400E3CCC8 /* OutletDetailViewController.swift */,
				04313A5629DFDDCF00E3CCC8 /* OutletDetailHeaderCollectionViewCell.swift */,
				04313A5829DFE3EC00E3CCC8 /* UPOutletDetailViewModel.swift */,
				0409820129E4049E0042009B /* UPOutletDetailComposer.swift */,
				0471209C29EBD59A003EA8DA /* OutletMenu */,
			);
			path = OutletDetail;
			sourceTree = "<group>";
		};
		0471208F29EBC30F003EA8DA /* WebView */ = {
			isa = PBXGroup;
			children = (
				0471209029EBC324003EA8DA /* WebView.storyboard */,
				0409783929E3CC9F0042009B /* UPWebViewController.swift */,
				0471209229EBC375003EA8DA /* UPWebViewComposer.swift */,
			);
			path = WebView;
			sourceTree = "<group>";
		};
		0471209C29EBD59A003EA8DA /* OutletMenu */ = {
			isa = PBXGroup;
			children = (
				0471209429EBD1A9003EA8DA /* OutletMenuImageViewerViewController.swift */,
				0471209629EBD1CA003EA8DA /* OutletMenuCardImageViewController.swift */,
				0471209829EBD3F3003EA8DA /* MenuScrollableImageViewCell.swift */,
				0471209A29EBD4E2003EA8DA /* MenuImageCollectionCell.swift */,
			);
			path = OutletMenu;
			sourceTree = "<group>";
		};
		0471209D29EBF16A003EA8DA /* PopularCategoryListing */ = {
			isa = PBXGroup;
			children = (
				0471209E29EBF183003EA8DA /* PopularCategoryListingViewModel.swift */,
			);
			path = PopularCategoryListing;
			sourceTree = "<group>";
		};
		047120A029EBF878003EA8DA /* Offer */ = {
			isa = PBXGroup;
			children = (
				04FC74C129DBE3F90099E8C5 /* OfferRepository.swift */,
				04FC74BA29DBDDAE0099E8C5 /* OfferDetail */,
				0409820A29E680FC0042009B /* RedeemOffer */,
				047120A129EBF881003EA8DA /* UPUsedOffer */,
			);
			path = Offer;
			sourceTree = "<group>";
		};
		047120A129EBF881003EA8DA /* UPUsedOffer */ = {
			isa = PBXGroup;
			children = (
				047120A229EBF88D003EA8DA /* UPUsedOffer.storyboard */,
				047120A429EBF8A4003EA8DA /* UPUsedOfferViewController.swift */,
				047120A629EBFB93003EA8DA /* UPUsedOfferTableViewCell.swift */,
				047120A829EC2B20003EA8DA /* UPUsedOfferViewModel.swift */,
				047120AA29EC2BE8003EA8DA /* UPUsedOffersViewComposer.swift */,
			);
			path = UPUsedOffer;
			sourceTree = "<group>";
		};
		047120AD29ED3E2C003EA8DA /* RecentlyViewedOutlet */ = {
			isa = PBXGroup;
			children = (
				047120AE29ED3E4E003EA8DA /* UPRecentlyViewedTableViewCell.swift */,
				047120B029ED3E8F003EA8DA /* UPRecentlyViewedCollectionViewCell.swift */,
			);
			name = RecentlyViewedOutlet;
			sourceTree = "<group>";
		};
		047120B429ED4CE1003EA8DA /* Settings */ = {
			isa = PBXGroup;
			children = (
				047120B529ED4CEC003EA8DA /* Settings.storyboard */,
				047120B729ED4CFC003EA8DA /* UPSettingsViewController.swift */,
				047120B929ED4D08003EA8DA /* SettingsViewComposer.swift */,
			);
			path = Settings;
			sourceTree = "<group>";
		};
		047247A029EFD33900A62BCC /* Frameworks */ = {
			isa = PBXGroup;
			children = (
				047247A129EFD33900A62BCC /* Alamofire.framework */,
			);
			name = Frameworks;
			sourceTree = "<group>";
		};
		047439B529D408D4005CB671 /* HttpClient */ = {
			isa = PBXGroup;
			children = (
				047439B629D408E7005CB671 /* HttpClient.swift */,
			);
			path = HttpClient;
			sourceTree = "<group>";
		};
		047439B829D40B5F005CB671 /* HomeService */ = {
			isa = PBXGroup;
			children = (
				047439B929D40B6F005CB671 /* HomeService.swift */,
				047439BD29D413B1005CB671 /* EssentialData.swift */,
				04FC746D29D978160099E8C5 /* RedisCacheResponse.swift */,
				047EBD6129E801C800953AF9 /* CategoryApiResponse.swift */,
				047120B229ED41EE003EA8DA /* RecentlyViewedService.swift */,
			);
			name = HomeService;
			sourceTree = "<group>";
		};
		0476758729D6DDF20004C885 /* Categories */ = {
			isa = PBXGroup;
			children = (
				04E68B1E29B9D5BD00573B2A /* CategoriesCollectionViewCellView */,
				0476758829D6DE0F0004C885 /* UPHomeCategoriesTableViewCell.swift */,
			);
			name = Categories;
			sourceTree = "<group>";
		};
		0476758B29D6E1C90004C885 /* UseAgainOffers */ = {
			isa = PBXGroup;
			children = (
				0476758C29D6E1DB0004C885 /* UPUseAgainOfferHomeTableViewCell.swift */,
			);
			name = UseAgainOffers;
			sourceTree = "<group>";
		};
		0476758E29D6E3AD0004C885 /* PopularCategories */ = {
			isa = PBXGroup;
			children = (
				0476758F29D6E3C00004C885 /* PopularCategoriesTableViewCell.swift */,
			);
			name = PopularCategories;
			sourceTree = "<group>";
		};
		0479970529D5635400DDD948 /* OutletSearch */ = {
			isa = PBXGroup;
			children = (
				0479970629D5638700DDD948 /* OutletSearch.storyboard */,
				0479970829D565CF00DDD948 /* OutletSearchViewController.swift */,
				0476758429D6BED10004C885 /* StoredSearchesTableViewCell.swift */,
				0479970B29D56A2E00DDD948 /* TrendingTableViewCell.swift */,
				0479971129D6B1CD00DDD948 /* OutletSearchViewModel.swift */,
				046157D229EDAD5200B92A5F /* UPSearchViewComposer.swift */,
			);
			path = OutletSearch;
			sourceTree = "<group>";
		};
		0479970E29D6B00400DDD948 /* OutletSearchService */ = {
			isa = PBXGroup;
			children = (
				0479970F29D6B01D00DDD948 /* OutletRepository.swift */,
			);
			path = OutletSearchService;
			sourceTree = "<group>";
		};
		047EBD6629E9520A00953AF9 /* NewBrandsListing */ = {
			isa = PBXGroup;
			children = (
				0437254B29EE2814007254EB /* NewBrands.storyboard */,
				047EBD6929E9536C00953AF9 /* NewBrandViewController.swift */,
				047EBD6B29E9539000953AF9 /* NewBrandViewModel.swift */,
				047EBD7329E9620E00953AF9 /* NewBrandComposer.swift */,
			);
			path = NewBrandsListing;
			sourceTree = "<group>";
		};
		047EBD6D29E954B700953AF9 /* OutletRepository */ = {
			isa = PBXGroup;
			children = (
				04FC748029DAAF690099E8C5 /* OutletService.swift */,
				047EBD7029E9559300953AF9 /* OutletService+Extension+NewBrands.swift */,
				047EBD7529E9702E00953AF9 /* OutletService+NearbyOutlets.swift */,
				047EBD7229E955AE00953AF9 /* Models */,
			);
			path = OutletRepository;
			sourceTree = "<group>";
		};
		047EBD7229E955AE00953AF9 /* Models */ = {
			isa = PBXGroup;
			children = (
				04FC748229DAB23E0099E8C5 /* UPOutlet.swift */,
				047EBD6E29E954CF00953AF9 /* NewBrand.swift */,
				047EBD5F29E7F0BA00953AF9 /* UPOutletParent.swift */,
			);
			path = Models;
			sourceTree = "<group>";
		};
		047EBD7729E970BD00953AF9 /* NearbyOutletListing */ = {
			isa = PBXGroup;
			children = (
				047EBD7829E970D000953AF9 /* NearbyOutletListingViewModel.swift */,
			);
			path = NearbyOutletListing;
			sourceTree = "<group>";
		};
		047EBD8429EAA26100953AF9 /* ChildOutletListing */ = {
			isa = PBXGroup;
			children = (
				047EBD8229EAA25C00953AF9 /* ChildOutletListingViewModel.swift */,
			);
			path = ChildOutletListing;
			sourceTree = "<group>";
		};
		04E68A8E29B8AABE00573B2A = {
			isa = PBXGroup;
			children = (
				04E68A9A29B8AABE00573B2A /* UrbanPoint OM SDK */,
				04E68A9929B8AABE00573B2A /* Products */,
				047247A029EFD33900A62BCC /* Frameworks */,
			);
			sourceTree = "<group>";
		};
		04E68A9929B8AABE00573B2A /* Products */ = {
			isa = PBXGroup;
			children = (
				04E68A9829B8AABE00573B2A /* UrbanPoint_OM_SDK.framework */,
			);
			name = Products;
			sourceTree = "<group>";
		};
		04E68A9A29B8AABE00573B2A /* UrbanPoint OM SDK */ = {
			isa = PBXGroup;
			children = (
				047120B429ED4CE1003EA8DA /* Settings */,
				0471208F29EBC30F003EA8DA /* WebView */,
				04FC748A29DAD9970099E8C5 /* Assets */,
				047439B529D408D4005CB671 /* HttpClient */,
				04E68AB829B8B18C00573B2A /* Helpers */,
				047120A029EBF878003EA8DA /* Offer */,
				04313A5029DFDC9300E3CCC8 /* Outlet */,
				04E68AB229B8B13B00573B2A /* Home */,
				04E68A9C29B8AABE00573B2A /* UrbanPoint_OM_SDK.docc */,
				04E68ABB29B8B5F700573B2A /* Assets.xcassets */,
				04E68AC029B9A62800573B2A /* UrbanPoint.swift */,
			);
			path = "UrbanPoint OM SDK";
			sourceTree = "<group>";
		};
		04E68AB229B8B13B00573B2A /* Home */ = {
			isa = PBXGroup;
			children = (
				04FC74C829DD4D7F0099E8C5 /* Cateogories */,
				047439B829D40B5F005CB671 /* HomeService */,
				04E68AB329B8B15300573B2A /* HomeView */,
			);
			path = Home;
			sourceTree = "<group>";
		};
		04E68AB329B8B15300573B2A /* HomeView */ = {
			isa = PBXGroup;
			children = (
				047120AD29ED3E2C003EA8DA /* RecentlyViewedOutlet */,
				04FC747229D9CFAF0099E8C5 /* NewBrands */,
				04FC746729D9662D0099E8C5 /* NearbyOutlet */,
				0476758E29D6E3AD0004C885 /* PopularCategories */,
				0476758B29D6E1C90004C885 /* UseAgainOffers */,
				0476758729D6DDF20004C885 /* Categories */,
				04E68AB429B8B16600573B2A /* HomeView.storyboard */,
				04E68AB629B8B17200573B2A /* HomeViewController.swift */,
				047439BF29D41489005CB671 /* HomeViewModel.swift */,
				0409820329E405AB0042009B /* UPHomeViewComposer.swift */,
			);
			name = HomeView;
			sourceTree = "<group>";
		};
		04E68AB829B8B18C00573B2A /* Helpers */ = {
			isa = PBXGroup;
			children = (
				04E68AB929B8B1AD00573B2A /* Extension+UIView.swift */,
				04E68B2129B9DDC000573B2A /* Colors.swift */,
				047439BB29D40D1D005CB671 /* Extension+URLRequest.swift */,
				04FC747029D9C8B20099E8C5 /* Extension+UIImageView.swift */,
				04FC748829DAC2A50099E8C5 /* Extension+UIViewController.swift */,
				040981FF29E4015D0042009B /* TempConstants.swift */,
				0409820729E51FFF0042009B /* LocationManager.swift */,
				046157D429EDB6A300B92A5F /* Extension+String.swift */,
			);
			path = Helpers;
			sourceTree = "<group>";
		};
		04E68B1E29B9D5BD00573B2A /* CategoriesCollectionViewCellView */ = {
			isa = PBXGroup;
			children = (
				04E68B1F29B9D5FB00573B2A /* CategoriesCollectionViewCell.swift */,
			);
			name = CategoriesCollectionViewCellView;
			sourceTree = "<group>";
		};
		04FC746729D9662D0099E8C5 /* NearbyOutlet */ = {
			isa = PBXGroup;
			children = (
				04FC746829D966480099E8C5 /* UPNearbyOutletHomeTableViewCell.swift */,
				04FC746A29D966DA0099E8C5 /* UPNearbyOutletHomeCollectionViewCell.swift */,
			);
			name = NearbyOutlet;
			sourceTree = "<group>";
		};
		04FC747229D9CFAF0099E8C5 /* NewBrands */ = {
			isa = PBXGroup;
			children = (
				04FC747329D9CFC10099E8C5 /* NewBrandsHomeCollectionViewCell.swift */,
				04FC747529D9CFD00099E8C5 /* NewBrandsTableViewCell.swift */,
			);
			name = NewBrands;
			sourceTree = "<group>";
		};
		04FC747729DA986D0099E8C5 /* OutletListing */ = {
			isa = PBXGroup;
			children = (
				0471209D29EBF16A003EA8DA /* PopularCategoryListing */,
				047EBD8429EAA26100953AF9 /* ChildOutletListing */,
				047EBD7729E970BD00953AF9 /* NearbyOutletListing */,
				047EBD6629E9520A00953AF9 /* NewBrandsListing */,
				04FC747829DA98870099E8C5 /* OutletListing.storyboard */,
				04FC747A29DA9A260099E8C5 /* OutletListingViewController.swift */,
				04FC748629DAC1500099E8C5 /* OutletListingContainerViewController.swift */,
				04FC747C29DA9E750099E8C5 /* UPOutletListingTableViewCell.swift */,
				04FC747E29DAA8510099E8C5 /* UPOfferTableViewCell.swift */,
				04FC748429DAB4070099E8C5 /* OutletListingPresenter.swift */,
			);
			path = OutletListing;
			sourceTree = "<group>";
		};
		04FC748A29DAD9970099E8C5 /* Assets */ = {
			isa = PBXGroup;
			children = (
				04FC748B29DAD9A20099E8C5 /* Fonts */,
			);
			path = Assets;
			sourceTree = "<group>";
		};
		04FC748B29DAD9A20099E8C5 /* Fonts */ = {
			isa = PBXGroup;
			children = (
				04FC748C29DADA160099E8C5 /* DIN NEXT™ ARABIC BLACK.otf */,
				04FC749C29DADA180099E8C5 /* DIN NEXT™ ARABIC BOLD.otf */,
				04FC74A129DADA180099E8C5 /* DIN NEXT™ ARABIC HEAVY.otf */,
				04FC749029DADA160099E8C5 /* DIN NEXT™ ARABIC LIGHT.otf */,
				04FC749A29DADA170099E8C5 /* DIN NEXT™ ARABIC MEDIUM .otf */,
				04FC749129DADA160099E8C5 /* DIN NEXT™ ARABIC REGULAR.otf */,
				04FC749929DADA170099E8C5 /* Mark Simonson - Proxima Nova Alt Bold.otf */,
				04FC749229DADA170099E8C5 /* proxima_nova_alt_regular.ttf */,
				04FC749829DADA170099E8C5 /* proxima_nova_alt_thin.ttf */,
				04FC749D29DADA180099E8C5 /* proximanova-semibold.otf */,
				04FC749529DADA170099E8C5 /* Roboto-Black.ttf */,
				04FC748E29DADA160099E8C5 /* Roboto-Medium.ttf */,
				04FC749329DADA170099E8C5 /* Roboto-BlackItalic.ttf */,
				04FC749F29DADA180099E8C5 /* Roboto-Bold.ttf */,
				04FC749629DADA170099E8C5 /* Roboto-BoldItalic.ttf */,
				04FC749429DADA170099E8C5 /* Roboto-Italic.ttf */,
				04FC748D29DADA160099E8C5 /* Roboto-Light.ttf */,
				04FC749729DADA170099E8C5 /* Roboto-LightItalic.ttf */,
				04FC749B29DADA170099E8C5 /* Roboto-MediumItalic.ttf */,
				04FC74A029DADA180099E8C5 /* Roboto-Regular.ttf */,
				04FC748F29DADA160099E8C5 /* Roboto-Thin.ttf */,
				04FC749E29DADA180099E8C5 /* Roboto-ThinItalic.ttf */,
			);
			path = Fonts;
			sourceTree = "<group>";
		};
		04FC74BA29DBDDAE0099E8C5 /* OfferDetail */ = {
			isa = PBXGroup;
			children = (
				04FC74BB29DBDDBF0099E8C5 /* Offer.storyboard */,
				04FC74BD29DBDE9C0099E8C5 /* OfferDetailViewController.swift */,
				04FC74BF29DBE3990099E8C5 /* OfferDetailViewModel.swift */,
				04FC74C329DBE6B50099E8C5 /* OfferDetailResponse.swift */,
				0409820529E40BDC0042009B /* OfferDetailComposer.swift */,
			);
			path = OfferDetail;
			sourceTree = "<group>";
		};
		04FC74C829DD4D7F0099E8C5 /* Cateogories */ = {
			isa = PBXGroup;
			children = (
				04FC74C929DD4D980099E8C5 /* UPCategoriesViewController.swift */,
				047EBD6329E8023D00953AF9 /* UPCataegoryViewModel.swift */,
				047EBD7E29EA78AD00953AF9 /* UPCategoriesListingViewComposer.swift */,
				047EBD8029EA8D0C00953AF9 /* UPCategoriesCollectionViewCell.swift */,
			);
			path = Cateogories;
			sourceTree = "<group>";
		};
/* End PBXGroup section */

/* Begin PBXHeadersBuildPhase section */
		04E68A9329B8AABE00573B2A /* Headers */ = {
			isa = PBXHeadersBuildPhase;
			buildActionMask = 2147483647;
			files = (
			);
			runOnlyForDeploymentPostprocessing = 0;
		};
/* End PBXHeadersBuildPhase section */

/* Begin PBXNativeTarget section */
		04E68A9729B8AABE00573B2A /* UrbanPoint OM SDK */ = {
			isa = PBXNativeTarget;
			buildConfigurationList = 04E68AAC29B8AABE00573B2A /* Build configuration list for PBXNativeTarget "UrbanPoint OM SDK" */;
			buildPhases = (
				04E68A9329B8AABE00573B2A /* Headers */,
				04E68A9429B8AABE00573B2A /* Sources */,
				04E68A9529B8AABE00573B2A /* Frameworks */,
				04E68A9629B8AABE00573B2A /* Resources */,
			);
			buildRules = (
			);
			dependencies = (
			);
			name = "UrbanPoint OM SDK";
			packageProductDependencies = (
				040981F629E400200042009B /* SDWebImage */,
				0471208D29EBBFFB003EA8DA /* MBProgressHUD */,
				0437254F29EE793A007254EB /* BranchSDK */,
			);
			productName = "UrbanPoint OM SDK";
			productReference = 04E68A9829B8AABE00573B2A /* UrbanPoint_OM_SDK.framework */;
			productType = "com.apple.product-type.framework";
		};
/* End PBXNativeTarget section */

/* Begin PBXProject section */
		04E68A8F29B8AABE00573B2A /* Project object */ = {
			isa = PBXProject;
			attributes = {
				BuildIndependentTargetsInParallel = 1;
				LastSwiftUpdateCheck = 1420;
				LastUpgradeCheck = 1420;
				TargetAttributes = {
					04E68A9729B8AABE00573B2A = {
						CreatedOnToolsVersion = 14.2;
					};
				};
			};
			buildConfigurationList = 04E68A9229B8AABE00573B2A /* Build configuration list for PBXProject "UrbanPoint OM SDK" */;
			compatibilityVersion = "Xcode 14.0";
			developmentRegion = en;
			hasScannedForEncodings = 0;
			knownRegions = (
				en,
				Base,
			);
			mainGroup = 04E68A8E29B8AABE00573B2A;
			packageReferences = (
				040981F529E400200042009B /* XCRemoteSwiftPackageReference "SDWebImage" */,
				0471208C29EBBFFB003EA8DA /* XCRemoteSwiftPackageReference "MBProgressHUD" */,
				0437254E29EE793A007254EB /* XCRemoteSwiftPackageReference "ios-branch-deep-linking-attribution" */,
			);
			productRefGroup = 04E68A9929B8AABE00573B2A /* Products */;
			projectDirPath = "";
			projectRoot = "";
			targets = (
				04E68A9729B8AABE00573B2A /* UrbanPoint OM SDK */,
			);
		};
/* End PBXProject section */

/* Begin PBXResourcesBuildPhase section */
		04E68A9629B8AABE00573B2A /* Resources */ = {
			isa = PBXResourcesBuildPhase;
			buildActionMask = 2147483647;
			files = (
				04FC74B729DADA180099E8C5 /* DIN NEXT™ ARABIC HEAVY.otf in Resources */,
				04FC74B229DADA180099E8C5 /* DIN NEXT™ ARABIC BOLD.otf in Resources */,
				04FC74A529DADA180099E8C5 /* Roboto-Thin.ttf in Resources */,
				04FC74B629DADA180099E8C5 /* Roboto-Regular.ttf in Resources */,
				0479970729D5638700DDD948 /* OutletSearch.storyboard in Resources */,
				04FC74AD29DADA180099E8C5 /* Roboto-LightItalic.ttf in Resources */,
				04E68ABC29B8B5F700573B2A /* Assets.xcassets in Resources */,
				0437254C29EE2814007254EB /* NewBrands.storyboard in Resources */,
				04FC74AC29DADA180099E8C5 /* Roboto-BoldItalic.ttf in Resources */,
				0471209129EBC324003EA8DA /* WebView.storyboard in Resources */,
				0409820C29E6810A0042009B /* RedeemOffer.storyboard in Resources */,
				04FC74A329DADA180099E8C5 /* Roboto-Light.ttf in Resources */,
				04FC74A429DADA180099E8C5 /* Roboto-Medium.ttf in Resources */,
				04FC74AA29DADA180099E8C5 /* Roboto-Italic.ttf in Resources */,
				04FC74AF29DADA180099E8C5 /* Mark Simonson - Proxima Nova Alt Bold.otf in Resources */,
				047120A329EBF88D003EA8DA /* UPUsedOffer.storyboard in Resources */,
				04FC74BC29DBDDBF0099E8C5 /* Offer.storyboard in Resources */,
				04FC74B029DADA180099E8C5 /* DIN NEXT™ ARABIC MEDIUM .otf in Resources */,
				04FC74A629DADA180099E8C5 /* DIN NEXT™ ARABIC LIGHT.otf in Resources */,
				04FC74AE29DADA180099E8C5 /* proxima_nova_alt_thin.ttf in Resources */,
				04FC747929DA98870099E8C5 /* OutletListing.storyboard in Resources */,
				04FC74B529DADA180099E8C5 /* Roboto-Bold.ttf in Resources */,
				04FC74A929DADA180099E8C5 /* Roboto-BlackItalic.ttf in Resources */,
				04FC74A729DADA180099E8C5 /* DIN NEXT™ ARABIC REGULAR.otf in Resources */,
				047120B629ED4CEC003EA8DA /* Settings.storyboard in Resources */,
				04E68AB529B8B16600573B2A /* HomeView.storyboard in Resources */,
				04FC74B129DADA180099E8C5 /* Roboto-MediumItalic.ttf in Resources */,
				04313A5329DFDCBE00E3CCC8 /* OutletDetail.storyboard in Resources */,
				04FC74AB29DADA180099E8C5 /* Roboto-Black.ttf in Resources */,
				04FC74B329DADA180099E8C5 /* proximanova-semibold.otf in Resources */,
				04FC74A229DADA180099E8C5 /* DIN NEXT™ ARABIC BLACK.otf in Resources */,
				04FC74B429DADA180099E8C5 /* Roboto-ThinItalic.ttf in Resources */,
				04FC74A829DADA180099E8C5 /* proxima_nova_alt_regular.ttf in Resources */,
			);
			runOnlyForDeploymentPostprocessing = 0;
		};
/* End PBXResourcesBuildPhase section */

/* Begin PBXSourcesBuildPhase section */
		04E68A9429B8AABE00573B2A /* Sources */ = {
			isa = PBXSourcesBuildPhase;
			buildActionMask = 2147483647;
			files = (
				046157D529EDB6A300B92A5F /* Extension+String.swift in Sources */,
				0409820829E51FFF0042009B /* LocationManager.swift in Sources */,
				04FC747B29DA9A260099E8C5 /* OutletListingViewController.swift in Sources */,
				04FC748329DAB23E0099E8C5 /* UPOutlet.swift in Sources */,
				04E68A9D29B8AABE00573B2A /* UrbanPoint_OM_SDK.docc in Sources */,
				047439C029D41489005CB671 /* HomeViewModel.swift in Sources */,
				0471209329EBC375003EA8DA /* UPWebViewComposer.swift in Sources */,
				04FC748529DAB4070099E8C5 /* OutletListingPresenter.swift in Sources */,
				047120AB29EC2BE8003EA8DA /* UPUsedOffersViewComposer.swift in Sources */,
				047EBD7929E970D000953AF9 /* NearbyOutletListingViewModel.swift in Sources */,
				04E68B2229B9DDC000573B2A /* Colors.swift in Sources */,
				047EBD7129E9559300953AF9 /* OutletService+Extension+NewBrands.swift in Sources */,
				047EBD8329EAA25C00953AF9 /* ChildOutletListingViewModel.swift in Sources */,
				04E68AC129B9A62800573B2A /* UrbanPoint.swift in Sources */,
				04E68AB729B8B17200573B2A /* HomeViewController.swift in Sources */,
				04FC748929DAC2A50099E8C5 /* Extension+UIViewController.swift in Sources */,
				04FC747D29DA9E750099E8C5 /* UPOutletListingTableViewCell.swift in Sources */,
				047EBD6C29E9539000953AF9 /* NewBrandViewModel.swift in Sources */,
				046157D329EDAD5200B92A5F /* UPSearchViewComposer.swift in Sources */,
				0409820429E405AB0042009B /* UPHomeViewComposer.swift in Sources */,
				04FC74C229DBE3F90099E8C5 /* OfferRepository.swift in Sources */,
				047120A729EBFB93003EA8DA /* UPUsedOfferTableViewCell.swift in Sources */,
				047EBD6A29E9536C00953AF9 /* NewBrandViewController.swift in Sources */,
				04FC747129D9C8B20099E8C5 /* Extension+UIImageView.swift in Sources */,
				04FC746B29D966DA0099E8C5 /* UPNearbyOutletHomeCollectionViewCell.swift in Sources */,
				04313A5729DFDDCF00E3CCC8 /* OutletDetailHeaderCollectionViewCell.swift in Sources */,
				0471209B29EBD4E2003EA8DA /* MenuImageCollectionCell.swift in Sources */,
				047439BE29D413B1005CB671 /* EssentialData.swift in Sources */,
				0471209729EBD1CA003EA8DA /* OutletMenuCardImageViewController.swift in Sources */,
				047120AF29ED3E4E003EA8DA /* UPRecentlyViewedTableViewCell.swift in Sources */,
				0476759029D6E3C00004C885 /* PopularCategoriesTableViewCell.swift in Sources */,
				04FC74C429DBE6B50099E8C5 /* OfferDetailResponse.swift in Sources */,
				047120A529EBF8A4003EA8DA /* UPUsedOfferViewController.swift in Sources */,
				0409820029E4015D0042009B /* TempConstants.swift in Sources */,
				047EBD6F29E954CF00953AF9 /* NewBrand.swift in Sources */,
				04FC74CA29DD4D980099E8C5 /* UPCategoriesViewController.swift in Sources */,
				047120BC29ED4DC7003EA8DA /* RedeemOfferComposer.swift in Sources */,
				0479971229D6B1CD00DDD948 /* OutletSearchViewModel.swift in Sources */,
				047EBD5E29E7E2D200953AF9 /* UPRedeemOfferViewModel.swift in Sources */,
				04313A5929DFE3EC00E3CCC8 /* UPOutletDetailViewModel.swift in Sources */,
				047439B729D408E7005CB671 /* HttpClient.swift in Sources */,
				047120A929EC2B20003EA8DA /* UPUsedOfferViewModel.swift in Sources */,
				047120B129ED3E8F003EA8DA /* UPRecentlyViewedCollectionViewCell.swift in Sources */,
				047439BC29D40D1D005CB671 /* Extension+URLRequest.swift in Sources */,
				04E68ABA29B8B1AD00573B2A /* Extension+UIView.swift in Sources */,
				0409820229E4049E0042009B /* UPOutletDetailComposer.swift in Sources */,
				0476758529D6BED10004C885 /* StoredSearchesTableViewCell.swift in Sources */,
				047EBD7429E9620E00953AF9 /* NewBrandComposer.swift in Sources */,
				0409820E29E68D200042009B /* UPRedeemOfferViewController.swift in Sources */,
				04FC74C029DBE3990099E8C5 /* OfferDetailViewModel.swift in Sources */,
				0471209929EBD3F3003EA8DA /* MenuScrollableImageViewCell.swift in Sources */,
				0476758929D6DE0F0004C885 /* UPHomeCategoriesTableViewCell.swift in Sources */,
				047439BA29D40B6F005CB671 /* HomeService.swift in Sources */,
				0479970929D565CF00DDD948 /* OutletSearchViewController.swift in Sources */,
				047120BA29ED4D08003EA8DA /* SettingsViewComposer.swift in Sources */,
				0471209529EBD1A9003EA8DA /* OutletMenuImageViewerViewController.swift in Sources */,
				0409783A29E3CC9F0042009B /* UPWebViewController.swift in Sources */,
				04FC747629D9CFD00099E8C5 /* NewBrandsTableViewCell.swift in Sources */,
				047120B329ED41EE003EA8DA /* RecentlyViewedService.swift in Sources */,
				0409820629E40BDC0042009B /* OfferDetailComposer.swift in Sources */,
				047EBD8129EA8D0C00953AF9 /* UPCategoriesCollectionViewCell.swift in Sources */,
				04E68B2029B9D5FB00573B2A /* CategoriesCollectionViewCell.swift in Sources */,
				0476758D29D6E1DB0004C885 /* UPUseAgainOfferHomeTableViewCell.swift in Sources */,
				047EBD6029E7F0BA00953AF9 /* UPOutletParent.swift in Sources */,
				0479971029D6B01D00DDD948 /* OutletRepository.swift in Sources */,
				047EBD6429E8023D00953AF9 /* UPCataegoryViewModel.swift in Sources */,
				0471209F29EBF183003EA8DA /* PopularCategoryListingViewModel.swift in Sources */,
				04313A5529DFDD0400E3CCC8 /* OutletDetailViewController.swift in Sources */,
				047EBD7629E9702E00953AF9 /* OutletService+NearbyOutlets.swift in Sources */,
				04FC747429D9CFC10099E8C5 /* NewBrandsHomeCollectionViewCell.swift in Sources */,
				047120B829ED4CFC003EA8DA /* UPSettingsViewController.swift in Sources */,
				04FC748129DAAF690099E8C5 /* OutletService.swift in Sources */,
				047EBD7F29EA78AD00953AF9 /* UPCategoriesListingViewComposer.swift in Sources */,
				04FC746E29D978160099E8C5 /* RedisCacheResponse.swift in Sources */,
				0479970C29D56A2E00DDD948 /* TrendingTableViewCell.swift in Sources */,
				04FC746929D966480099E8C5 /* UPNearbyOutletHomeTableViewCell.swift in Sources */,
				04FC748729DAC1500099E8C5 /* OutletListingContainerViewController.swift in Sources */,
				04FC74BE29DBDE9C0099E8C5 /* OfferDetailViewController.swift in Sources */,
				047EBD6229E801C800953AF9 /* CategoryApiResponse.swift in Sources */,
				04FC747F29DAA8510099E8C5 /* UPOfferTableViewCell.swift in Sources */,
			);
			runOnlyForDeploymentPostprocessing = 0;
		};
/* End PBXSourcesBuildPhase section */

/* Begin XCBuildConfiguration section */
		04E68AAA29B8AABE00573B2A /* Debug */ = {
			isa = XCBuildConfiguration;
			buildSettings = {
				ALWAYS_SEARCH_USER_PATHS = NO;
				CLANG_ANALYZER_NONNULL = YES;
				CLANG_ANALYZER_NUMBER_OBJECT_CONVERSION = YES_AGGRESSIVE;
				CLANG_CXX_LANGUAGE_STANDARD = "gnu++20";
				CLANG_ENABLE_MODULES = YES;
				CLANG_ENABLE_OBJC_ARC = YES;
				CLANG_ENABLE_OBJC_WEAK = YES;
				CLANG_WARN_BLOCK_CAPTURE_AUTORELEASING = YES;
				CLANG_WARN_BOOL_CONVERSION = YES;
				CLANG_WARN_COMMA = YES;
				CLANG_WARN_CONSTANT_CONVERSION = YES;
				CLANG_WARN_DEPRECATED_OBJC_IMPLEMENTATIONS = YES;
				CLANG_WARN_DIRECT_OBJC_ISA_USAGE = YES_ERROR;
				CLANG_WARN_DOCUMENTATION_COMMENTS = YES;
				CLANG_WARN_EMPTY_BODY = YES;
				CLANG_WARN_ENUM_CONVERSION = YES;
				CLANG_WARN_INFINITE_RECURSION = YES;
				CLANG_WARN_INT_CONVERSION = YES;
				CLANG_WARN_NON_LITERAL_NULL_CONVERSION = YES;
				CLANG_WARN_OBJC_IMPLICIT_RETAIN_SELF = YES;
				CLANG_WARN_OBJC_LITERAL_CONVERSION = YES;
				CLANG_WARN_OBJC_ROOT_CLASS = YES_ERROR;
				CLANG_WARN_QUOTED_INCLUDE_IN_FRAMEWORK_HEADER = YES;
				CLANG_WARN_RANGE_LOOP_ANALYSIS = YES;
				CLANG_WARN_STRICT_PROTOTYPES = YES;
				CLANG_WARN_SUSPICIOUS_MOVE = YES;
				CLANG_WARN_UNGUARDED_AVAILABILITY = YES_AGGRESSIVE;
				CLANG_WARN_UNREACHABLE_CODE = YES;
				CLANG_WARN__DUPLICATE_METHOD_MATCH = YES;
				COPY_PHASE_STRIP = NO;
				CURRENT_PROJECT_VERSION = 1;
				DEBUG_INFORMATION_FORMAT = dwarf;
				ENABLE_STRICT_OBJC_MSGSEND = YES;
				ENABLE_TESTABILITY = YES;
				GCC_C_LANGUAGE_STANDARD = gnu11;
				GCC_DYNAMIC_NO_PIC = NO;
				GCC_NO_COMMON_BLOCKS = YES;
				GCC_OPTIMIZATION_LEVEL = 0;
				GCC_PREPROCESSOR_DEFINITIONS = (
					"DEBUG=1",
					"$(inherited)",
				);
				GCC_WARN_64_TO_32_BIT_CONVERSION = YES;
				GCC_WARN_ABOUT_RETURN_TYPE = YES_ERROR;
				GCC_WARN_UNDECLARED_SELECTOR = YES;
				GCC_WARN_UNINITIALIZED_AUTOS = YES_AGGRESSIVE;
				GCC_WARN_UNUSED_FUNCTION = YES;
				GCC_WARN_UNUSED_VARIABLE = YES;
				IPHONEOS_DEPLOYMENT_TARGET = 16.2;
				MTL_ENABLE_DEBUG_INFO = INCLUDE_SOURCE;
				MTL_FAST_MATH = YES;
				ONLY_ACTIVE_ARCH = YES;
				SDKROOT = iphoneos;
				SWIFT_ACTIVE_COMPILATION_CONDITIONS = DEBUG;
				SWIFT_OPTIMIZATION_LEVEL = "-Onone";
				VERSIONING_SYSTEM = "apple-generic";
				VERSION_INFO_PREFIX = "";
			};
			name = Debug;
		};
		04E68AAB29B8AABE00573B2A /* Release */ = {
			isa = XCBuildConfiguration;
			buildSettings = {
				ALWAYS_SEARCH_USER_PATHS = NO;
				CLANG_ANALYZER_NONNULL = YES;
				CLANG_ANALYZER_NUMBER_OBJECT_CONVERSION = YES_AGGRESSIVE;
				CLANG_CXX_LANGUAGE_STANDARD = "gnu++20";
				CLANG_ENABLE_MODULES = YES;
				CLANG_ENABLE_OBJC_ARC = YES;
				CLANG_ENABLE_OBJC_WEAK = YES;
				CLANG_WARN_BLOCK_CAPTURE_AUTORELEASING = YES;
				CLANG_WARN_BOOL_CONVERSION = YES;
				CLANG_WARN_COMMA = YES;
				CLANG_WARN_CONSTANT_CONVERSION = YES;
				CLANG_WARN_DEPRECATED_OBJC_IMPLEMENTATIONS = YES;
				CLANG_WARN_DIRECT_OBJC_ISA_USAGE = YES_ERROR;
				CLANG_WARN_DOCUMENTATION_COMMENTS = YES;
				CLANG_WARN_EMPTY_BODY = YES;
				CLANG_WARN_ENUM_CONVERSION = YES;
				CLANG_WARN_INFINITE_RECURSION = YES;
				CLANG_WARN_INT_CONVERSION = YES;
				CLANG_WARN_NON_LITERAL_NULL_CONVERSION = YES;
				CLANG_WARN_OBJC_IMPLICIT_RETAIN_SELF = YES;
				CLANG_WARN_OBJC_LITERAL_CONVERSION = YES;
				CLANG_WARN_OBJC_ROOT_CLASS = YES_ERROR;
				CLANG_WARN_QUOTED_INCLUDE_IN_FRAMEWORK_HEADER = YES;
				CLANG_WARN_RANGE_LOOP_ANALYSIS = YES;
				CLANG_WARN_STRICT_PROTOTYPES = YES;
				CLANG_WARN_SUSPICIOUS_MOVE = YES;
				CLANG_WARN_UNGUARDED_AVAILABILITY = YES_AGGRESSIVE;
				CLANG_WARN_UNREACHABLE_CODE = YES;
				CLANG_WARN__DUPLICATE_METHOD_MATCH = YES;
				COPY_PHASE_STRIP = NO;
				CURRENT_PROJECT_VERSION = 1;
				DEBUG_INFORMATION_FORMAT = "dwarf-with-dsym";
				ENABLE_NS_ASSERTIONS = NO;
				ENABLE_STRICT_OBJC_MSGSEND = YES;
				GCC_C_LANGUAGE_STANDARD = gnu11;
				GCC_NO_COMMON_BLOCKS = YES;
				GCC_WARN_64_TO_32_BIT_CONVERSION = YES;
				GCC_WARN_ABOUT_RETURN_TYPE = YES_ERROR;
				GCC_WARN_UNDECLARED_SELECTOR = YES;
				GCC_WARN_UNINITIALIZED_AUTOS = YES_AGGRESSIVE;
				GCC_WARN_UNUSED_FUNCTION = YES;
				GCC_WARN_UNUSED_VARIABLE = YES;
				IPHONEOS_DEPLOYMENT_TARGET = 16.2;
				MTL_ENABLE_DEBUG_INFO = NO;
				MTL_FAST_MATH = YES;
				SDKROOT = iphoneos;
				SWIFT_COMPILATION_MODE = wholemodule;
				SWIFT_OPTIMIZATION_LEVEL = "-O";
				VALIDATE_PRODUCT = YES;
				VERSIONING_SYSTEM = "apple-generic";
				VERSION_INFO_PREFIX = "";
			};
			name = Release;
		};
		04E68AAD29B8AABE00573B2A /* Debug */ = {
			isa = XCBuildConfiguration;
			buildSettings = {
				CODE_SIGN_STYLE = Automatic;
				CURRENT_PROJECT_VERSION = 1;
				DEFINES_MODULE = YES;
				DEVELOPMENT_TEAM = "";
				DYLIB_COMPATIBILITY_VERSION = 1;
				DYLIB_CURRENT_VERSION = 1;
				DYLIB_INSTALL_NAME_BASE = "@rpath";
				GENERATE_INFOPLIST_FILE = YES;
				INFOPLIST_KEY_NSHumanReadableCopyright = "";
				INSTALL_PATH = "$(LOCAL_LIBRARY_DIR)/Frameworks";
				LD_RUNPATH_SEARCH_PATHS = (
					"$(inherited)",
					"@executable_path/Frameworks",
					"@loader_path/Frameworks",
				);
				MARKETING_VERSION = 1.0;
				PRODUCT_BUNDLE_IDENTIFIER = "com.UrbanPoint-OM-SDK";
				PRODUCT_NAME = "$(TARGET_NAME:c99extidentifier)";
				SKIP_INSTALL = YES;
				SUPPORTED_PLATFORMS = "iphoneos iphonesimulator";
				SUPPORTS_MACCATALYST = NO;
				SUPPORTS_MAC_DESIGNED_FOR_IPHONE_IPAD = NO;
				SWIFT_EMIT_LOC_STRINGS = YES;
				SWIFT_VERSION = 5.0;
				TARGETED_DEVICE_FAMILY = 1;
			};
			name = Debug;
		};
		04E68AAE29B8AABE00573B2A /* Release */ = {
			isa = XCBuildConfiguration;
			buildSettings = {
				CODE_SIGN_STYLE = Automatic;
				CURRENT_PROJECT_VERSION = 1;
				DEFINES_MODULE = YES;
				DEVELOPMENT_TEAM = "";
				DYLIB_COMPATIBILITY_VERSION = 1;
				DYLIB_CURRENT_VERSION = 1;
				DYLIB_INSTALL_NAME_BASE = "@rpath";
				GENERATE_INFOPLIST_FILE = YES;
				INFOPLIST_KEY_NSHumanReadableCopyright = "";
				INSTALL_PATH = "$(LOCAL_LIBRARY_DIR)/Frameworks";
				LD_RUNPATH_SEARCH_PATHS = (
					"$(inherited)",
					"@executable_path/Frameworks",
					"@loader_path/Frameworks",
				);
				MARKETING_VERSION = 1.0;
				PRODUCT_BUNDLE_IDENTIFIER = "com.UrbanPoint-OM-SDK";
				PRODUCT_NAME = "$(TARGET_NAME:c99extidentifier)";
				SKIP_INSTALL = YES;
				SUPPORTED_PLATFORMS = "iphoneos iphonesimulator";
				SUPPORTS_MACCATALYST = NO;
				SUPPORTS_MAC_DESIGNED_FOR_IPHONE_IPAD = NO;
				SWIFT_EMIT_LOC_STRINGS = YES;
				SWIFT_VERSION = 5.0;
				TARGETED_DEVICE_FAMILY = 1;
			};
			name = Release;
		};
/* End XCBuildConfiguration section */

/* Begin XCConfigurationList section */
		04E68A9229B8AABE00573B2A /* Build configuration list for PBXProject "UrbanPoint OM SDK" */ = {
			isa = XCConfigurationList;
			buildConfigurations = (
				04E68AAA29B8AABE00573B2A /* Debug */,
				04E68AAB29B8AABE00573B2A /* Release */,
			);
			defaultConfigurationIsVisible = 0;
			defaultConfigurationName = Release;
		};
		04E68AAC29B8AABE00573B2A /* Build configuration list for PBXNativeTarget "UrbanPoint OM SDK" */ = {
			isa = XCConfigurationList;
			buildConfigurations = (
				04E68AAD29B8AABE00573B2A /* Debug */,
				04E68AAE29B8AABE00573B2A /* Release */,
			);
			defaultConfigurationIsVisible = 0;
			defaultConfigurationName = Release;
		};
/* End XCConfigurationList section */

/* Begin XCRemoteSwiftPackageReference section */
		040981F529E400200042009B /* XCRemoteSwiftPackageReference "SDWebImage" */ = {
			isa = XCRemoteSwiftPackageReference;
			repositoryURL = "https://github.com/SDWebImage/SDWebImage";
			requirement = {
				branch = master;
				kind = branch;
			};
		};
		0437254E29EE793A007254EB /* XCRemoteSwiftPackageReference "ios-branch-deep-linking-attribution" */ = {
			isa = XCRemoteSwiftPackageReference;
			repositoryURL = "https://github.com/BranchMetrics/ios-branch-deep-linking-attribution";
			requirement = {
				kind = upToNextMajorVersion;
				minimumVersion = 2.0.0;
			};
		};
		0471208C29EBBFFB003EA8DA /* XCRemoteSwiftPackageReference "MBProgressHUD" */ = {
			isa = XCRemoteSwiftPackageReference;
			repositoryURL = "https://github.com/jdg/MBProgressHUD.git";
			requirement = {
				kind = upToNextMajorVersion;
				minimumVersion = 1.0.0;
			};
		};
/* End XCRemoteSwiftPackageReference section */

/* Begin XCSwiftPackageProductDependency section */
		040981F629E400200042009B /* SDWebImage */ = {
			isa = XCSwiftPackageProductDependency;
			package = 040981F529E400200042009B /* XCRemoteSwiftPackageReference "SDWebImage" */;
			productName = SDWebImage;
		};
		0437254F29EE793A007254EB /* BranchSDK */ = {
			isa = XCSwiftPackageProductDependency;
			package = 0437254E29EE793A007254EB /* XCRemoteSwiftPackageReference "ios-branch-deep-linking-attribution" */;
			productName = BranchSDK;
		};
		0471208D29EBBFFB003EA8DA /* MBProgressHUD */ = {
			isa = XCSwiftPackageProductDependency;
			package = 0471208C29EBBFFB003EA8DA /* XCRemoteSwiftPackageReference "MBProgressHUD" */;
			productName = MBProgressHUD;
		};
/* End XCSwiftPackageProductDependency section */
	};
	rootObject = 04E68A8F29B8AABE00573B2A /* Project object */;
}
