{
  "pins" : [
    {
      "identity" : "ios-branch-deep-linking-attribution",
      "kind" : "remoteSourceControl",
      "location" : "https://github.com/BranchMetrics/ios-branch-deep-linking-attribution",
      "state" : {
        "revision" : "86518c0ba6c7dc4bcd37c249887bd5f8132587cf",
        "version" : "2.1.1"
      }
    },
    {
      "identity" : "mbprogresshud",
      "kind" : "remoteSourceControl",
      "location" : "https://github.com/jdg/MBProgressHUD.git",
      "state" : {
        "revision" : "bca42b801100b2b3a4eda0ba8dd33d858c780b0d",
        "version" : "1.2.0"
      }
    },
    {
      "identity" : "sdwebimage",
      "kind" : "remoteSourceControl",
      "location" : "https://github.com/SDWebImage/SDWebImage",
      "state" : {
        "branch" : "master",
        "revision" : "fb50c1d20f24db5322b2f8f379de3618f75fe08e"
      }
    }
  ],
  "version" : 2
}
